
Microsoft Visual Studio Solution File, Format Version 12.00
# Visual Studio 14
VisualStudioVersion = 14.0.25420.1
MinimumVisualStudioVersion = 10.0.40219.1
Project("{2150E333-8FDC-42A3-9474-1A3956D46DE8}") = "Startup", "Startup", "{9716F09F-433F-42BD-8147-116704E3D525}"
EndProject
Project("{FAE04EC0-301F-11D3-BF4B-00C04F79EFBC}") = "StartupInfo.Interface", "XElement\DotNet\System\Environment\StartupInfo.Interface\StartupInfo.Interface.csproj", "{9BDDE43E-7458-476D-980C-C2B32566B129}"
EndProject
Project("{FAE04EC0-301F-11D3-BF4B-00C04F79EFBC}") = "StartupInfo.Implementation", "XElement\DotNet\System\Environment\StartupInfo.Implementation\StartupInfo.Implementation.csproj", "{BF9CD479-0C4B-4D38-8793-E3B4DD5B01E2}"
EndProject
Project("{2150E333-8FDC-42A3-9474-1A3956D46DE8}") = "UI", "UI", "{BCF5F522-0032-4ED8-A732-E1F6C3473A9D}"
EndProject
Project("{2150E333-8FDC-42A3-9474-1A3956D46DE8}") = "WinConsole", "WinConsole", "{58359C46-78AD-4A15-B487-D517F46909E8}"
EndProject
Project("{FAE04EC0-301F-11D3-BF4B-00C04F79EFBC}") = "SDM", "UI\Console\SDM\SDM.csproj", "{E671361D-0B32-4AB4-9622-5DE08D47368E}"
EndProject
Project("{2150E333-8FDC-42A3-9474-1A3956D46DE8}") = "StartupLogic", "StartupLogic", "{DCEA9C1A-F230-4548-93F8-3528A81B6B8A}"
EndProject
Project("{FAE04EC0-301F-11D3-BF4B-00C04F79EFBC}") = "Startup.Implementation", "Startup\Startup.Implementation\Startup.Implementation.csproj", "{38B3E162-16E5-40AE-91E3-6E704031EB9A}"
EndProject
Global
	GlobalSection(SolutionConfigurationPlatforms) = preSolution
		Debug|Any CPU = Debug|Any CPU
		Release|Any CPU = Release|Any CPU
	EndGlobalSection
	GlobalSection(ProjectConfigurationPlatforms) = postSolution
		{9BDDE43E-7458-476D-980C-C2B32566B129}.Debug|Any CPU.ActiveCfg = Debug|Any CPU
		{9BDDE43E-7458-476D-980C-C2B32566B129}.Debug|Any CPU.Build.0 = Debug|Any CPU
		{9BDDE43E-7458-476D-980C-C2B32566B129}.Release|Any CPU.ActiveCfg = Release|Any CPU
		{9BDDE43E-7458-476D-980C-C2B32566B129}.Release|Any CPU.Build.0 = Release|Any CPU
		{BF9CD479-0C4B-4D38-8793-E3B4DD5B01E2}.Debug|Any CPU.ActiveCfg = Debug|Any CPU
		{BF9CD479-0C4B-4D38-8793-E3B4DD5B01E2}.Debug|Any CPU.Build.0 = Debug|Any CPU
		{BF9CD479-0C4B-4D38-8793-E3B4DD5B01E2}.Release|Any CPU.ActiveCfg = Release|Any CPU
		{BF9CD479-0C4B-4D38-8793-E3B4DD5B01E2}.Release|Any CPU.Build.0 = Release|Any CPU
		{E671361D-0B32-4AB4-9622-5DE08D47368E}.Debug|Any CPU.ActiveCfg = Debug|Any CPU
		{E671361D-0B32-4AB4-9622-5DE08D47368E}.Debug|Any CPU.Build.0 = Debug|Any CPU
		{E671361D-0B32-4AB4-9622-5DE08D47368E}.Release|Any CPU.ActiveCfg = Release|Any CPU
		{E671361D-0B32-4AB4-9622-5DE08D47368E}.Release|Any CPU.Build.0 = Release|Any CPU
		{38B3E162-16E5-40AE-91E3-6E704031EB9A}.Debug|Any CPU.ActiveCfg = Debug|Any CPU
		{38B3E162-16E5-40AE-91E3-6E704031EB9A}.Debug|Any CPU.Build.0 = Debug|Any CPU
		{38B3E162-16E5-40AE-91E3-6E704031EB9A}.Release|Any CPU.ActiveCfg = Release|Any CPU
		{38B3E162-16E5-40AE-91E3-6E704031EB9A}.Release|Any CPU.Build.0 = Release|Any CPU
	EndGlobalSection
	GlobalSection(SolutionProperties) = preSolution
		HideSolutionNode = FALSE
	EndGlobalSection
	GlobalSection(NestedProjects) = preSolution
		{9BDDE43E-7458-476D-980C-C2B32566B129} = {9716F09F-433F-42BD-8147-116704E3D525}
		{BF9CD479-0C4B-4D38-8793-E3B4DD5B01E2} = {9716F09F-433F-42BD-8147-116704E3D525}
		{58359C46-78AD-4A15-B487-D517F46909E8} = {BCF5F522-0032-4ED8-A732-E1F6C3473A9D}
		{E671361D-0B32-4AB4-9622-5DE08D47368E} = {58359C46-78AD-4A15-B487-D517F46909E8}
		{38B3E162-16E5-40AE-91E3-6E704031EB9A} = {DCEA9C1A-F230-4548-93F8-3528A81B6B8A}
	EndGlobalSection
EndGlobal
