
Microsoft Visual Studio Solution File, Format Version 12.00
# Visual Studio 15
VisualStudioVersion = 15.0.26430.16
MinimumVisualStudioVersion = 10.0.40219.1
Project("{2150E333-8FDC-42A3-9474-1A3956D46DE8}") = "Startup", "Startup", "{9716F09F-433F-42BD-8147-116704E3D525}"
EndProject
Project("{FAE04EC0-301F-11D3-BF4B-00C04F79EFBC}") = "StartupInfo.Interface", "XElement\DotNet\System\Environment\StartupInfo.Interface\StartupInfo.Interface.csproj", "{9BDDE43E-7458-476D-980C-C2B32566B129}"
EndProject
Project("{FAE04EC0-301F-11D3-BF4B-00C04F79EFBC}") = "StartupInfo.Implementation", "XElement\DotNet\System\Environment\StartupInfo.Implementation\StartupInfo.Implementation.csproj", "{BF9CD479-0C4B-4D38-8793-E3B4DD5B01E2}"
EndProject
Project("{2150E333-8FDC-42A3-9474-1A3956D46DE8}") = "UI", "UI", "{BCF5F522-0032-4ED8-A732-E1F6C3473A9D}"
EndProject
Project("{2150E333-8FDC-42A3-9474-1A3956D46DE8}") = "WinConsole", "WinConsole", "{58359C46-78AD-4A15-B487-D517F46909E8}"
EndProject
Project("{FAE04EC0-301F-11D3-BF4B-00C04F79EFBC}") = "SDM", "UI\Console\SDM\SDM.csproj", "{E671361D-0B32-4AB4-9622-5DE08D47368E}"
EndProject
Project("{2150E333-8FDC-42A3-9474-1A3956D46DE8}") = "StartupLogic", "StartupLogic", "{DCEA9C1A-F230-4548-93F8-3528A81B6B8A}"
EndProject
Project("{FAE04EC0-301F-11D3-BF4B-00C04F79EFBC}") = "ManagementLogic.Implementation", "Startup\ManagementLogic.Implementation\ManagementLogic.Implementation.csproj", "{38B3E162-16E5-40AE-91E3-6E704031EB9A}"
EndProject
Project("{FAE04EC0-301F-11D3-BF4B-00C04F79EFBC}") = "StartupInfo.MefExtensions", "XElement\DotNet\System\Environment\StartupInfo.MefExtensions\StartupInfo.MefExtensions.csproj", "{317F4D74-3868-45EA-B2CA-5BE5F5F6749F}"
EndProject
Project("{2150E333-8FDC-42A3-9474-1A3956D46DE8}") = "Win32", "Win32", "{9E914993-6D6A-43F9-B7D0-873C016B3BAA}"
EndProject
Project("{FAE04EC0-301F-11D3-BF4B-00C04F79EFBC}") = "SDM_win32", "UI\Win32\SDM_win32\SDM_win32.csproj", "{120B5863-0E3D-4A41-8615-EAE31B64B482}"
EndProject
Project("{FAE04EC0-301F-11D3-BF4B-00C04F79EFBC}") = "ManagementLogic.Interface", "Startup\ManagementLogic.Interface\ManagementLogic.Interface.csproj", "{290D3B05-9DAB-4324-AB86-34CAF5AA6BB1}"
EndProject
Project("{FAE04EC0-301F-11D3-BF4B-00C04F79EFBC}") = "ManagementLogic.MefExtensions", "Startup\ManagementLogic.MefExtensions\ManagementLogic.MefExtensions.csproj", "{96316379-86DC-4EE4-91DE-1BEB7552B26E}"
EndProject
Project("{FAE04EC0-301F-11D3-BF4B-00C04F79EFBC}") = "DelayLogic.Interface", "Startup\DelayLogic.Interface\DelayLogic.Interface.csproj", "{40DC1197-96B8-49AE-A839-E3E2DB70A9D5}"
EndProject
Project("{FAE04EC0-301F-11D3-BF4B-00C04F79EFBC}") = "DelayLogic.Implementation", "Startup\DelayLogic.Implementation\DelayLogic.Implementation.csproj", "{3D72A9B9-1328-46CD-B80B-0DA40918A9ED}"
EndProject
Project("{FAE04EC0-301F-11D3-BF4B-00C04F79EFBC}") = "DelayLogic.MefExtensions", "Startup\DelayLogic.MefExtensions\DelayLogic.MefExtensions.csproj", "{38F2A2EA-5380-4DF5-BFD7-A969F41EEC79}"
EndProject
Project("{2150E333-8FDC-42A3-9474-1A3956D46DE8}") = "Serialization", "Serialization", "{1F941A6A-5C10-4DB8-8B45-8BAD6D1051A2}"
EndProject
Project("{FAE04EC0-301F-11D3-BF4B-00C04F79EFBC}") = "Serialization.Interface", "UI\Win32\Serialization\Serialization.Interface\Serialization.Interface.csproj", "{E1CE7152-094C-4BA1-AFEA-73EDB535AA52}"
EndProject
Project("{FAE04EC0-301F-11D3-BF4B-00C04F79EFBC}") = "Serialization.Implementation", "UI\Win32\Serialization\Serialization.Implementation\Serialization.Implementation.csproj", "{E7AE916A-AE83-415C-86A0-6102B9BF81B1}"
EndProject
Project("{2150E333-8FDC-42A3-9474-1A3956D46DE8}") = "Modules", "Modules", "{6A4DFB53-6E44-4ADE-960D-2B35ABFA2A65}"
EndProject
Project("{FAE04EC0-301F-11D3-BF4B-00C04F79EFBC}") = "Modules.ProgramInfoUC", "UI\Win32\Modules\ProgramInfoUC\Modules.ProgramInfoUC.csproj", "{B4F5DAC6-DAB5-4159-A194-4F895C8CAAD5}"
EndProject
Project("{FAE04EC0-301F-11D3-BF4B-00C04F79EFBC}") = "Modules.ProgramInfosUC", "UI\Win32\Modules\ProgramInfosUC\Modules.ProgramInfosUC.csproj", "{54E2813A-C359-4E8F-8E17-9C47FBC4E2E3}"
EndProject
Project("{2150E333-8FDC-42A3-9474-1A3956D46DE8}") = "Solution Items", "Solution Items", "{AC842EDC-5A30-4080-BD9D-2229AA561FFB}"
	ProjectSection(SolutionItems) = preProject
		.editorconfig = .editorconfig
	EndProjectSection
EndProject
Project("{2150E333-8FDC-42A3-9474-1A3956D46DE8}") = "DesignPatterns", "DesignPatterns", "{39DAAC81-BAF7-4CDE-81E8-7F8C0526654F}"
EndProject
Project("{2150E333-8FDC-42A3-9474-1A3956D46DE8}") = "CreationalPatterns", "CreationalPatterns", "{D9CC210B-C9C0-4FE3-8831-8276482B158B}"
EndProject
Project("{2150E333-8FDC-42A3-9474-1A3956D46DE8}") = "FactoryMethod", "FactoryMethod", "{56DFE902-8387-4BF3-93E6-2348AB91AE6A}"
EndProject
Project("{FAE04EC0-301F-11D3-BF4B-00C04F79EFBC}") = "FactoryMethod.Interface", "XElement\DesignPatterns\CreationalPatterns\FactoryMethod\FactoryMethod.Interface\FactoryMethod.Interface.csproj", "{7F4DC167-6ED5-4F72-BFAA-C822BD0879CC}"
EndProject
Project("{FAE04EC0-301F-11D3-BF4B-00C04F79EFBC}") = "Localization", "UI\Win32\Localization\Localization.csproj", "{B042F695-A8FD-49E7-A159-59CC9A38ECBC}"
EndProject
Project("{FAE04EC0-301F-11D3-BF4B-00C04F79EFBC}") = "test_Localization", "UI\Win32\test_Localization\test_Localization.csproj", "{C0D05FCB-227F-4944-A900-7EB1ABCA4F2B}"
EndProject
Global
	GlobalSection(SolutionConfigurationPlatforms) = preSolution
		Debug|Any CPU = Debug|Any CPU
		Release|Any CPU = Release|Any CPU
	EndGlobalSection
	GlobalSection(ProjectConfigurationPlatforms) = postSolution
		{9BDDE43E-7458-476D-980C-C2B32566B129}.Debug|Any CPU.ActiveCfg = Debug|Any CPU
		{9BDDE43E-7458-476D-980C-C2B32566B129}.Debug|Any CPU.Build.0 = Debug|Any CPU
		{9BDDE43E-7458-476D-980C-C2B32566B129}.Release|Any CPU.ActiveCfg = Release|Any CPU
		{9BDDE43E-7458-476D-980C-C2B32566B129}.Release|Any CPU.Build.0 = Release|Any CPU
		{BF9CD479-0C4B-4D38-8793-E3B4DD5B01E2}.Debug|Any CPU.ActiveCfg = Debug|Any CPU
		{BF9CD479-0C4B-4D38-8793-E3B4DD5B01E2}.Debug|Any CPU.Build.0 = Debug|Any CPU
		{BF9CD479-0C4B-4D38-8793-E3B4DD5B01E2}.Release|Any CPU.ActiveCfg = Release|Any CPU
		{BF9CD479-0C4B-4D38-8793-E3B4DD5B01E2}.Release|Any CPU.Build.0 = Release|Any CPU
		{E671361D-0B32-4AB4-9622-5DE08D47368E}.Debug|Any CPU.ActiveCfg = Debug|Any CPU
		{E671361D-0B32-4AB4-9622-5DE08D47368E}.Debug|Any CPU.Build.0 = Debug|Any CPU
		{E671361D-0B32-4AB4-9622-5DE08D47368E}.Release|Any CPU.ActiveCfg = Release|Any CPU
		{E671361D-0B32-4AB4-9622-5DE08D47368E}.Release|Any CPU.Build.0 = Release|Any CPU
		{38B3E162-16E5-40AE-91E3-6E704031EB9A}.Debug|Any CPU.ActiveCfg = Debug|Any CPU
		{38B3E162-16E5-40AE-91E3-6E704031EB9A}.Debug|Any CPU.Build.0 = Debug|Any CPU
		{38B3E162-16E5-40AE-91E3-6E704031EB9A}.Release|Any CPU.ActiveCfg = Release|Any CPU
		{38B3E162-16E5-40AE-91E3-6E704031EB9A}.Release|Any CPU.Build.0 = Release|Any CPU
		{317F4D74-3868-45EA-B2CA-5BE5F5F6749F}.Debug|Any CPU.ActiveCfg = Debug|Any CPU
		{317F4D74-3868-45EA-B2CA-5BE5F5F6749F}.Debug|Any CPU.Build.0 = Debug|Any CPU
		{317F4D74-3868-45EA-B2CA-5BE5F5F6749F}.Release|Any CPU.ActiveCfg = Release|Any CPU
		{317F4D74-3868-45EA-B2CA-5BE5F5F6749F}.Release|Any CPU.Build.0 = Release|Any CPU
		{120B5863-0E3D-4A41-8615-EAE31B64B482}.Debug|Any CPU.ActiveCfg = Debug|Any CPU
		{120B5863-0E3D-4A41-8615-EAE31B64B482}.Debug|Any CPU.Build.0 = Debug|Any CPU
		{120B5863-0E3D-4A41-8615-EAE31B64B482}.Release|Any CPU.ActiveCfg = Release|Any CPU
		{120B5863-0E3D-4A41-8615-EAE31B64B482}.Release|Any CPU.Build.0 = Release|Any CPU
		{290D3B05-9DAB-4324-AB86-34CAF5AA6BB1}.Debug|Any CPU.ActiveCfg = Debug|Any CPU
		{290D3B05-9DAB-4324-AB86-34CAF5AA6BB1}.Debug|Any CPU.Build.0 = Debug|Any CPU
		{290D3B05-9DAB-4324-AB86-34CAF5AA6BB1}.Release|Any CPU.ActiveCfg = Release|Any CPU
		{290D3B05-9DAB-4324-AB86-34CAF5AA6BB1}.Release|Any CPU.Build.0 = Release|Any CPU
		{96316379-86DC-4EE4-91DE-1BEB7552B26E}.Debug|Any CPU.ActiveCfg = Debug|Any CPU
		{96316379-86DC-4EE4-91DE-1BEB7552B26E}.Debug|Any CPU.Build.0 = Debug|Any CPU
		{96316379-86DC-4EE4-91DE-1BEB7552B26E}.Release|Any CPU.ActiveCfg = Release|Any CPU
		{96316379-86DC-4EE4-91DE-1BEB7552B26E}.Release|Any CPU.Build.0 = Release|Any CPU
		{40DC1197-96B8-49AE-A839-E3E2DB70A9D5}.Debug|Any CPU.ActiveCfg = Debug|Any CPU
		{40DC1197-96B8-49AE-A839-E3E2DB70A9D5}.Debug|Any CPU.Build.0 = Debug|Any CPU
		{40DC1197-96B8-49AE-A839-E3E2DB70A9D5}.Release|Any CPU.ActiveCfg = Release|Any CPU
		{40DC1197-96B8-49AE-A839-E3E2DB70A9D5}.Release|Any CPU.Build.0 = Release|Any CPU
		{3D72A9B9-1328-46CD-B80B-0DA40918A9ED}.Debug|Any CPU.ActiveCfg = Debug|Any CPU
		{3D72A9B9-1328-46CD-B80B-0DA40918A9ED}.Debug|Any CPU.Build.0 = Debug|Any CPU
		{3D72A9B9-1328-46CD-B80B-0DA40918A9ED}.Release|Any CPU.ActiveCfg = Release|Any CPU
		{3D72A9B9-1328-46CD-B80B-0DA40918A9ED}.Release|Any CPU.Build.0 = Release|Any CPU
		{38F2A2EA-5380-4DF5-BFD7-A969F41EEC79}.Debug|Any CPU.ActiveCfg = Debug|Any CPU
		{38F2A2EA-5380-4DF5-BFD7-A969F41EEC79}.Debug|Any CPU.Build.0 = Debug|Any CPU
		{38F2A2EA-5380-4DF5-BFD7-A969F41EEC79}.Release|Any CPU.ActiveCfg = Release|Any CPU
		{38F2A2EA-5380-4DF5-BFD7-A969F41EEC79}.Release|Any CPU.Build.0 = Release|Any CPU
		{E1CE7152-094C-4BA1-AFEA-73EDB535AA52}.Debug|Any CPU.ActiveCfg = Debug|Any CPU
		{E1CE7152-094C-4BA1-AFEA-73EDB535AA52}.Debug|Any CPU.Build.0 = Debug|Any CPU
		{E1CE7152-094C-4BA1-AFEA-73EDB535AA52}.Release|Any CPU.ActiveCfg = Release|Any CPU
		{E1CE7152-094C-4BA1-AFEA-73EDB535AA52}.Release|Any CPU.Build.0 = Release|Any CPU
		{E7AE916A-AE83-415C-86A0-6102B9BF81B1}.Debug|Any CPU.ActiveCfg = Debug|Any CPU
		{E7AE916A-AE83-415C-86A0-6102B9BF81B1}.Debug|Any CPU.Build.0 = Debug|Any CPU
		{E7AE916A-AE83-415C-86A0-6102B9BF81B1}.Release|Any CPU.ActiveCfg = Release|Any CPU
		{E7AE916A-AE83-415C-86A0-6102B9BF81B1}.Release|Any CPU.Build.0 = Release|Any CPU
		{B4F5DAC6-DAB5-4159-A194-4F895C8CAAD5}.Debug|Any CPU.ActiveCfg = Debug|Any CPU
		{B4F5DAC6-DAB5-4159-A194-4F895C8CAAD5}.Debug|Any CPU.Build.0 = Debug|Any CPU
		{B4F5DAC6-DAB5-4159-A194-4F895C8CAAD5}.Release|Any CPU.ActiveCfg = Release|Any CPU
		{B4F5DAC6-DAB5-4159-A194-4F895C8CAAD5}.Release|Any CPU.Build.0 = Release|Any CPU
		{54E2813A-C359-4E8F-8E17-9C47FBC4E2E3}.Debug|Any CPU.ActiveCfg = Debug|Any CPU
		{54E2813A-C359-4E8F-8E17-9C47FBC4E2E3}.Debug|Any CPU.Build.0 = Debug|Any CPU
		{54E2813A-C359-4E8F-8E17-9C47FBC4E2E3}.Release|Any CPU.ActiveCfg = Release|Any CPU
		{54E2813A-C359-4E8F-8E17-9C47FBC4E2E3}.Release|Any CPU.Build.0 = Release|Any CPU
		{7F4DC167-6ED5-4F72-BFAA-C822BD0879CC}.Debug|Any CPU.ActiveCfg = Debug|Any CPU
		{7F4DC167-6ED5-4F72-BFAA-C822BD0879CC}.Debug|Any CPU.Build.0 = Debug|Any CPU
		{7F4DC167-6ED5-4F72-BFAA-C822BD0879CC}.Release|Any CPU.ActiveCfg = Release|Any CPU
		{7F4DC167-6ED5-4F72-BFAA-C822BD0879CC}.Release|Any CPU.Build.0 = Release|Any CPU
		{B042F695-A8FD-49E7-A159-59CC9A38ECBC}.Debug|Any CPU.ActiveCfg = Debug|Any CPU
		{B042F695-A8FD-49E7-A159-59CC9A38ECBC}.Debug|Any CPU.Build.0 = Debug|Any CPU
		{B042F695-A8FD-49E7-A159-59CC9A38ECBC}.Release|Any CPU.ActiveCfg = Release|Any CPU
		{B042F695-A8FD-49E7-A159-59CC9A38ECBC}.Release|Any CPU.Build.0 = Release|Any CPU
		{C0D05FCB-227F-4944-A900-7EB1ABCA4F2B}.Debug|Any CPU.ActiveCfg = Debug|Any CPU
		{C0D05FCB-227F-4944-A900-7EB1ABCA4F2B}.Debug|Any CPU.Build.0 = Debug|Any CPU
		{C0D05FCB-227F-4944-A900-7EB1ABCA4F2B}.Release|Any CPU.ActiveCfg = Release|Any CPU
		{C0D05FCB-227F-4944-A900-7EB1ABCA4F2B}.Release|Any CPU.Build.0 = Release|Any CPU
	EndGlobalSection
	GlobalSection(SolutionProperties) = preSolution
		HideSolutionNode = FALSE
	EndGlobalSection
	GlobalSection(NestedProjects) = preSolution
		{9BDDE43E-7458-476D-980C-C2B32566B129} = {9716F09F-433F-42BD-8147-116704E3D525}
		{BF9CD479-0C4B-4D38-8793-E3B4DD5B01E2} = {9716F09F-433F-42BD-8147-116704E3D525}
		{58359C46-78AD-4A15-B487-D517F46909E8} = {BCF5F522-0032-4ED8-A732-E1F6C3473A9D}
		{E671361D-0B32-4AB4-9622-5DE08D47368E} = {58359C46-78AD-4A15-B487-D517F46909E8}
		{38B3E162-16E5-40AE-91E3-6E704031EB9A} = {DCEA9C1A-F230-4548-93F8-3528A81B6B8A}
		{317F4D74-3868-45EA-B2CA-5BE5F5F6749F} = {9716F09F-433F-42BD-8147-116704E3D525}
		{9E914993-6D6A-43F9-B7D0-873C016B3BAA} = {BCF5F522-0032-4ED8-A732-E1F6C3473A9D}
		{120B5863-0E3D-4A41-8615-EAE31B64B482} = {9E914993-6D6A-43F9-B7D0-873C016B3BAA}
		{290D3B05-9DAB-4324-AB86-34CAF5AA6BB1} = {DCEA9C1A-F230-4548-93F8-3528A81B6B8A}
		{96316379-86DC-4EE4-91DE-1BEB7552B26E} = {DCEA9C1A-F230-4548-93F8-3528A81B6B8A}
		{40DC1197-96B8-49AE-A839-E3E2DB70A9D5} = {DCEA9C1A-F230-4548-93F8-3528A81B6B8A}
		{3D72A9B9-1328-46CD-B80B-0DA40918A9ED} = {DCEA9C1A-F230-4548-93F8-3528A81B6B8A}
		{38F2A2EA-5380-4DF5-BFD7-A969F41EEC79} = {DCEA9C1A-F230-4548-93F8-3528A81B6B8A}
		{1F941A6A-5C10-4DB8-8B45-8BAD6D1051A2} = {9E914993-6D6A-43F9-B7D0-873C016B3BAA}
		{E1CE7152-094C-4BA1-AFEA-73EDB535AA52} = {1F941A6A-5C10-4DB8-8B45-8BAD6D1051A2}
		{E7AE916A-AE83-415C-86A0-6102B9BF81B1} = {1F941A6A-5C10-4DB8-8B45-8BAD6D1051A2}
		{6A4DFB53-6E44-4ADE-960D-2B35ABFA2A65} = {9E914993-6D6A-43F9-B7D0-873C016B3BAA}
		{B4F5DAC6-DAB5-4159-A194-4F895C8CAAD5} = {6A4DFB53-6E44-4ADE-960D-2B35ABFA2A65}
		{54E2813A-C359-4E8F-8E17-9C47FBC4E2E3} = {6A4DFB53-6E44-4ADE-960D-2B35ABFA2A65}
		{D9CC210B-C9C0-4FE3-8831-8276482B158B} = {39DAAC81-BAF7-4CDE-81E8-7F8C0526654F}
		{56DFE902-8387-4BF3-93E6-2348AB91AE6A} = {D9CC210B-C9C0-4FE3-8831-8276482B158B}
		{7F4DC167-6ED5-4F72-BFAA-C822BD0879CC} = {56DFE902-8387-4BF3-93E6-2348AB91AE6A}
		{B042F695-A8FD-49E7-A159-59CC9A38ECBC} = {9E914993-6D6A-43F9-B7D0-873C016B3BAA}
		{C0D05FCB-227F-4944-A900-7EB1ABCA4F2B} = {9E914993-6D6A-43F9-B7D0-873C016B3BAA}
	EndGlobalSection
EndGlobal
